PODS:
  - Adjust (4.29.6):
    - Adjust/Core (= 4.29.6)
  - Adjust/Core (4.29.6)
  - AFNetworking (4.0.1):
    - AFNetworking/NSURLSession (= 4.0.1)
    - AFNetworking/Reachability (= 4.0.1)
    - AFNetworking/Security (= 4.0.1)
    - AFNetworking/Serialization (= 4.0.1)
    - AFNetworking/UIKit (= 4.0.1)
  - AFNetworking/NSURLSession (4.0.1):
    - AFNetworking/Reachability
    - AFNetworking/Security
    - AFNetworking/Serialization
  - AFNetworking/Reachability (4.0.1)
  - AFNetworking/Security (4.0.1)
  - AFNetworking/Serialization (4.0.1)
  - AFNetworking/UIKit (4.0.1):
    - AFNetworking/NSURLSession
  - boost-for-react-native (1.63.0)
  - BVLinearGradient (2.5.6):
    - React
  - DoubleConversion (1.1.6)
  - Folly (2018.10.22.00):
    - boost-for-react-native
    - DoubleConversion
    - Folly/Default (= 2018.10.22.00)
    - glog
  - Folly/Default (2018.10.22.00):
    - boost-for-react-native
    - DoubleConversion
    - glog
  - glog (0.3.5)
  - Permission-Camera (2.2.2):
    - RNPermissions
  - Permission-Contacts (2.2.2):
    - RNPermissions
  - Permission-FaceID (2.2.2):
    - RNPermissions
  - Permission-LocationAlways (2.2.2):
    - RNPermissions
  - Permission-LocationWhenInUse (2.2.2):
    - RNPermissions
  - Permission-MediaLibrary (2.2.2):
    - RNPermissions
  - Permission-Microphone (2.2.2):
    - RNPermissions
  - Permission-Motion (2.2.2):
    - RNPermissions
  - Permission-Notifications (2.2.2):
    - RNPermissions
  - Permission-PhotoLibrary (2.2.2):
    - RNPermissions
  - Permission-Reminders (2.2.2):
    - RNPermissions
  - Permission-StoreKit (2.2.2):
    - RNPermissions
  - pushwoosh-react-native-plugin (6.1.14):
    - PushwooshInboxUIXCFramework
    - PushwooshXCFramework
    - React
  - PushwooshInboxUIXCFramework (6.1.1):
    - PushwooshXCFramework (>= 6.3.4)
  - PushwooshXCFramework (6.3.5):
    - PushwooshXCFramework/Core (= 6.3.5)
  - PushwooshXCFramework/Core (6.3.5)
  - QBImagePickerController (3.4.0)
  - RCTAesCrypto (1.0.0):
    - RCTAesCrypto/AesKit (= 1.0.0)
    - React
  - RCTAesCrypto/AesKit (1.0.0):
    - React
  - RCTRestart (0.0.7):
    - React
  - React (0.60.6):
    - React-Core (= 0.60.6)
    - React-DevSupport (= 0.60.6)
    - React-RCTActionSheet (= 0.60.6)
    - React-RCTAnimation (= 0.60.6)
    - React-RCTBlob (= 0.60.6)
    - React-RCTImage (= 0.60.6)
    - React-RCTLinking (= 0.60.6)
    - React-RCTNetwork (= 0.60.6)
    - React-RCTSettings (= 0.60.6)
    - React-RCTText (= 0.60.6)
    - React-RCTVibration (= 0.60.6)
    - React-RCTWebSocket (= 0.60.6)
  - React-Core (0.60.6):
    - Folly (= 2018.10.22.00)
    - React-cxxreact (= 0.60.6)
    - React-jsiexecutor (= 0.60.6)
    - yoga (= 0.60.6.React)
  - React-cxxreact (0.60.6):
    - boost-for-react-native (= 1.63.0)
    - DoubleConversion
    - Folly (= 2018.10.22.00)
    - glog
    - React-jsinspector (= 0.60.6)
  - React-DevSupport (0.60.6):
    - React-Core (= 0.60.6)
    - React-RCTWebSocket (= 0.60.6)
  - React-jsi (0.60.6):
    - boost-for-react-native (= 1.63.0)
    - DoubleConversion
    - Folly (= 2018.10.22.00)
    - glog
    - React-jsi/Default (= 0.60.6)
  - React-jsi/Default (0.60.6):
    - boost-for-react-native (= 1.63.0)
    - DoubleConversion
    - Folly (= 2018.10.22.00)
    - glog
  - React-jsiexecutor (0.60.6):
    - DoubleConversion
    - Folly (= 2018.10.22.00)
    - glog
    - React-cxxreact (= 0.60.6)
    - React-jsi (= 0.60.6)
  - React-jsinspector (0.60.6)
  - react-native-adjust (4.29.6):
    - Adjust (= 4.29.6)
    - React
  - react-native-aes (1.3.10):
    - React-Core
  - react-native-background-timer (1.3.0):
    - React
  - react-native-camera (4.2.1):
    - React-Core
    - react-native-camera/RCT (= 4.2.1)
    - react-native-camera/RN (= 4.2.1)
  - react-native-camera/RCT (4.2.1):
    - React-Core
  - react-native-camera/RN (4.2.1):
    - React-Core
  - react-native-cameraroll (4.0.0):
    - React
  - react-native-contacts (5.2.8):
    - React-Core
  - react-native-contacts-wrapper (0.2.9):
    - React
  - react-native-dynatrace (2.231.1):
    - React
  - react-native-geolocation (2.1.0):
    - React-Core
  - react-native-google-analytics-bridge (6.1.1):
    - react-native-google-analytics-bridge/Core (= 6.1.1)
  - react-native-google-analytics-bridge/Core (6.1.1):
    - React
  - react-native-html-to-pdf (0.10.0):
    - React-Core
  - react-native-image-picker (0.27.2):
    - React
  - react-native-image-resizer (1.1.0):
    - React
  - react-native-maps (0.26.1):
    - React
  - react-native-netinfo (5.9.10):
    - React-Core
  - react-native-network-info (5.2.1):
    - React
  - react-native-select-contact (1.6.3):
    - React-Core
  - react-native-signature-capture (0.4.12):
    - React
  - react-native-simple-toast (1.1.3):
    - React-Core
    - Toast (~> 4.0.0)
  - react-native-splash-screen (3.1.1):
    - React
  - react-native-version-number (0.3.5):
    - React
  - react-native-viewpager (3.3.1):
    - React
  - react-native-webview (11.21.1):
    - React-Core
  - React-RCTActionSheet (0.60.6):
    - React-Core (= 0.60.6)
  - React-RCTAnimation (0.60.6):
    - React-Core (= 0.60.6)
  - React-RCTBlob (0.60.6):
    - React-Core (= 0.60.6)
    - React-RCTNetwork (= 0.60.6)
    - React-RCTWebSocket (= 0.60.6)
  - React-RCTImage (0.60.6):
    - React-Core (= 0.60.6)
    - React-RCTNetwork (= 0.60.6)
  - React-RCTLinking (0.60.6):
    - React-Core (= 0.60.6)
  - React-RCTNetwork (0.60.6):
    - React-Core (= 0.60.6)
  - React-RCTSettings (0.60.6):
    - React-Core (= 0.60.6)
  - React-RCTText (0.60.6):
    - React-Core (= 0.60.6)
  - React-RCTVibration (0.60.6):
    - React-Core (= 0.60.6)
  - React-RCTWebSocket (0.60.6):
    - React-Core (= 0.60.6)
  - rn-fetch-blob (0.11.2):
    - React-Core
  - RNAwesomeCardIO (0.8.3):
    - React
  - RNDeviceInfo (0.21.5):
    - React
  - RNExitApp (1.1.0):
    - React
  - RNFS (2.15.2):
    - React
  - RNGestureHandler (1.10.3):
    - React-Core
  - RNImageCropPicker (0.25.3):
    - QBImagePickerController
    - React-Core
    - React-RCTImage
    - RSKImageCropper
  - RNPermissions (2.2.2):
    - React-Core
  - RNQrGenerator (1.2.0):
    - React
    - ZXingObjC
  - RNReanimated (1.13.4):
    - React-Core
  - RNShare (8.0.1):
    - React-Core
  - RNSslPinning (1.5.5):
    - AFNetworking (~> 4.0)
    - React
  - RNSVG (10.1.0):
    - React
  - RNVectorIcons (6.1.0):
    - React
  - RNViewShot (2.6.0):
    - React
  - RSKImageCropper (3.0.2)
  - Toast (4.0.0)
  - TouchID (4.4.4):
    - React
  - yoga (0.60.6.React)
  - ZXingObjC (3.6.5):
    - ZXingObjC/All (= 3.6.5)
  - ZXingObjC/All (3.6.5)

DEPENDENCIES:
  - BVLinearGradient (from `../node_modules/react-native-linear-gradient`)
  - DoubleConversion (from `../node_modules/react-native/third-party-podspecs/DoubleConversion.podspec`)
  - Folly (from `../node_modules/react-native/third-party-podspecs/Folly.podspec`)
  - glog (from `../node_modules/react-native/third-party-podspecs/glog.podspec`)
  - Permission-Camera (from `../node_modules/react-native-permissions/ios/Camera.podspec`)
  - Permission-Contacts (from `../node_modules/react-native-permissions/ios/Contacts.podspec`)
  - Permission-FaceID (from `../node_modules/react-native-permissions/ios/FaceID.podspec`)
  - Permission-LocationAlways (from `../node_modules/react-native-permissions/ios/LocationAlways.podspec`)
  - Permission-LocationWhenInUse (from `../node_modules/react-native-permissions/ios/LocationWhenInUse.podspec`)
  - Permission-MediaLibrary (from `../node_modules/react-native-permissions/ios/MediaLibrary.podspec`)
  - Permission-Microphone (from `../node_modules/react-native-permissions/ios/Microphone.podspec`)
  - Permission-Motion (from `../node_modules/react-native-permissions/ios/Motion.podspec`)
  - Permission-Notifications (from `../node_modules/react-native-permissions/ios/Notifications.podspec`)
  - Permission-PhotoLibrary (from `../node_modules/react-native-permissions/ios/PhotoLibrary.podspec`)
  - Permission-Reminders (from `../node_modules/react-native-permissions/ios/Reminders.podspec`)
  - Permission-StoreKit (from `../node_modules/react-native-permissions/ios/StoreKit.podspec`)
  - pushwoosh-react-native-plugin (from `../node_modules/pushwoosh-react-native-plugin`)
  - "RCTAesCrypto (from `../node_modules/@figureai/react-native-aes-kit`)"
  - RCTRestart (from `../node_modules/react-native-restart/ios`)
  - React (from `../node_modules/react-native/`)
  - React-Core (from `../node_modules/react-native/React`)
  - React-cxxreact (from `../node_modules/react-native/ReactCommon/cxxreact`)
  - React-DevSupport (from `../node_modules/react-native/React`)
  - React-jsi (from `../node_modules/react-native/ReactCommon/jsi`)
  - React-jsiexecutor (from `../node_modules/react-native/ReactCommon/jsiexecutor`)
  - React-jsinspector (from `../node_modules/react-native/ReactCommon/jsinspector`)
  - react-native-adjust (from `../node_modules/react-native-adjust`)
  - react-native-aes (from `../node_modules/react-native-aes-crypto`)
  - react-native-background-timer (from `../node_modules/react-native-background-timer`)
  - react-native-camera (from `../node_modules/react-native-camera`)
  - "react-native-cameraroll (from `../node_modules/@react-native-community/cameraroll`)"
  - react-native-contacts (from `../node_modules/react-native-contacts`)
  - "react-native-contacts-wrapper (from `../node_modules/@tuofeng/react-native-contacts-wrapper`)"
  - "react-native-dynatrace (from `../node_modules/@dynatrace/react-native-plugin`)"
  - "react-native-geolocation (from `../node_modules/@react-native-community/geolocation`)"
  - react-native-google-analytics-bridge (from `../node_modules/react-native-google-analytics-bridge`)
  - react-native-html-to-pdf (from `../node_modules/react-native-html-to-pdf`)
  - react-native-image-picker (from `../node_modules/react-native-image-picker`)
  - react-native-image-resizer (from `../node_modules/react-native-image-resizer`)
  - react-native-maps (from `../node_modules/react-native-maps`)
  - "react-native-netinfo (from `../node_modules/@react-native-community/netinfo`)"
  - react-native-network-info (from `../node_modules/react-native-network-info`)
  - react-native-select-contact (from `../node_modules/react-native-select-contact`)
  - react-native-signature-capture (from `../node_modules/react-native-signature-capture`)
  - react-native-simple-toast (from `../node_modules/react-native-simple-toast`)
  - react-native-splash-screen (from `../node_modules/react-native-splash-screen`)
  - react-native-version-number (from `../node_modules/react-native-version-number`)
  - "react-native-viewpager (from `../node_modules/@react-native-community/viewpager`)"
  - react-native-webview (from `../node_modules/react-native-webview`)
  - React-RCTActionSheet (from `../node_modules/react-native/Libraries/ActionSheetIOS`)
  - React-RCTAnimation (from `../node_modules/react-native/Libraries/NativeAnimation`)
  - React-RCTBlob (from `../node_modules/react-native/Libraries/Blob`)
  - React-RCTImage (from `../node_modules/react-native/Libraries/Image`)
  - React-RCTLinking (from `../node_modules/react-native/Libraries/LinkingIOS`)
  - React-RCTNetwork (from `../node_modules/react-native/Libraries/Network`)
  - React-RCTSettings (from `../node_modules/react-native/Libraries/Settings`)
  - React-RCTText (from `../node_modules/react-native/Libraries/Text`)
  - React-RCTVibration (from `../node_modules/react-native/Libraries/Vibration`)
  - React-RCTWebSocket (from `../node_modules/react-native/Libraries/WebSocket`)
  - rn-fetch-blob (from `../node_modules/rn-fetch-blob`)
  - RNAwesomeCardIO (from `../node_modules/react-native-awesome-card-io`)
  - RNDeviceInfo (from `../node_modules/react-native-device-info`)
  - RNExitApp (from `../node_modules/react-native-exit-app`)
  - RNFS (from `../node_modules/react-native-fs`)
  - RNGestureHandler (from `../node_modules/react-native-gesture-handler`)
  - RNImageCropPicker (from `../node_modules/react-native-image-crop-picker`)
  - RNPermissions (from `../node_modules/react-native-permissions`)
  - RNQrGenerator (from `../node_modules/rn-qr-generator`)
  - RNReanimated (from `../node_modules/react-native-reanimated`)
  - RNShare (from `../node_modules/react-native-share`)
  - RNSslPinning (from `../node_modules/react-native-ssl-pinning/ios`)
  - RNSVG (from `../node_modules/react-native-svg`)
  - RNVectorIcons (from `../node_modules/react-native-vector-icons`)
  - RNViewShot (from `../node_modules/react-native-view-shot`)
  - TouchID (from `../node_modules/react-native-touch-id`)
  - yoga (from `../node_modules/react-native/ReactCommon/yoga`)

SPEC REPOS:
  trunk:
    - Adjust
    - AFNetworking
    - boost-for-react-native
    - PushwooshInboxUIXCFramework
    - PushwooshXCFramework
    - QBImagePickerController
    - RSKImageCropper
    - Toast
    - ZXingObjC

EXTERNAL SOURCES:
  BVLinearGradient:
    :path: "../node_modules/react-native-linear-gradient"
  DoubleConversion:
    :podspec: "../node_modules/react-native/third-party-podspecs/DoubleConversion.podspec"
  Folly:
    :podspec: "../node_modules/react-native/third-party-podspecs/Folly.podspec"
  glog:
    :podspec: "../node_modules/react-native/third-party-podspecs/glog.podspec"
  Permission-Camera:
    :path: "../node_modules/react-native-permissions/ios/Camera.podspec"
  Permission-Contacts:
    :path: "../node_modules/react-native-permissions/ios/Contacts.podspec"
  Permission-FaceID:
    :path: "../node_modules/react-native-permissions/ios/FaceID.podspec"
  Permission-LocationAlways:
    :path: "../node_modules/react-native-permissions/ios/LocationAlways.podspec"
  Permission-LocationWhenInUse:
    :path: "../node_modules/react-native-permissions/ios/LocationWhenInUse.podspec"
  Permission-MediaLibrary:
    :path: "../node_modules/react-native-permissions/ios/MediaLibrary.podspec"
  Permission-Microphone:
    :path: "../node_modules/react-native-permissions/ios/Microphone.podspec"
  Permission-Motion:
    :path: "../node_modules/react-native-permissions/ios/Motion.podspec"
  Permission-Notifications:
    :path: "../node_modules/react-native-permissions/ios/Notifications.podspec"
  Permission-PhotoLibrary:
    :path: "../node_modules/react-native-permissions/ios/PhotoLibrary.podspec"
  Permission-Reminders:
    :path: "../node_modules/react-native-permissions/ios/Reminders.podspec"
  Permission-StoreKit:
    :path: "../node_modules/react-native-permissions/ios/StoreKit.podspec"
  pushwoosh-react-native-plugin:
    :path: "../node_modules/pushwoosh-react-native-plugin"
  RCTAesCrypto:
    :path: "../node_modules/@figureai/react-native-aes-kit"
  RCTRestart:
    :path: "../node_modules/react-native-restart/ios"
  React:
    :path: "../node_modules/react-native/"
  React-Core:
    :path: "../node_modules/react-native/React"
  React-cxxreact:
    :path: "../node_modules/react-native/ReactCommon/cxxreact"
  React-DevSupport:
    :path: "../node_modules/react-native/React"
  React-jsi:
    :path: "../node_modules/react-native/ReactCommon/jsi"
  React-jsiexecutor:
    :path: "../node_modules/react-native/ReactCommon/jsiexecutor"
  React-jsinspector:
    :path: "../node_modules/react-native/ReactCommon/jsinspector"
  react-native-adjust:
    :path: "../node_modules/react-native-adjust"
  react-native-aes:
    :path: "../node_modules/react-native-aes-crypto"
  react-native-background-timer:
    :path: "../node_modules/react-native-background-timer"
  react-native-camera:
    :path: "../node_modules/react-native-camera"
  react-native-cameraroll:
    :path: "../node_modules/@react-native-community/cameraroll"
  react-native-contacts:
    :path: "../node_modules/react-native-contacts"
  react-native-contacts-wrapper:
    :path: "../node_modules/@tuofeng/react-native-contacts-wrapper"
  react-native-dynatrace:
    :path: "../node_modules/@dynatrace/react-native-plugin"
  react-native-geolocation:
    :path: "../node_modules/@react-native-community/geolocation"
  react-native-google-analytics-bridge:
    :path: "../node_modules/react-native-google-analytics-bridge"
  react-native-html-to-pdf:
    :path: "../node_modules/react-native-html-to-pdf"
  react-native-image-picker:
    :path: "../node_modules/react-native-image-picker"
  react-native-image-resizer:
    :path: "../node_modules/react-native-image-resizer"
  react-native-maps:
    :path: "../node_modules/react-native-maps"
  react-native-netinfo:
    :path: "../node_modules/@react-native-community/netinfo"
  react-native-network-info:
    :path: "../node_modules/react-native-network-info"
  react-native-select-contact:
    :path: "../node_modules/react-native-select-contact"
  react-native-signature-capture:
    :path: "../node_modules/react-native-signature-capture"
  react-native-simple-toast:
    :path: "../node_modules/react-native-simple-toast"
  react-native-splash-screen:
    :path: "../node_modules/react-native-splash-screen"
  react-native-version-number:
    :path: "../node_modules/react-native-version-number"
  react-native-viewpager:
    :path: "../node_modules/@react-native-community/viewpager"
  react-native-webview:
    :path: "../node_modules/react-native-webview"
  React-RCTActionSheet:
    :path: "../node_modules/react-native/Libraries/ActionSheetIOS"
  React-RCTAnimation:
    :path: "../node_modules/react-native/Libraries/NativeAnimation"
  React-RCTBlob:
    :path: "../node_modules/react-native/Libraries/Blob"
  React-RCTImage:
    :path: "../node_modules/react-native/Libraries/Image"
  React-RCTLinking:
    :path: "../node_modules/react-native/Libraries/LinkingIOS"
  React-RCTNetwork:
    :path: "../node_modules/react-native/Libraries/Network"
  React-RCTSettings:
    :path: "../node_modules/react-native/Libraries/Settings"
  React-RCTText:
    :path: "../node_modules/react-native/Libraries/Text"
  React-RCTVibration:
    :path: "../node_modules/react-native/Libraries/Vibration"
  React-RCTWebSocket:
    :path: "../node_modules/react-native/Libraries/WebSocket"
  rn-fetch-blob:
    :path: "../node_modules/rn-fetch-blob"
  RNAwesomeCardIO:
    :path: "../node_modules/react-native-awesome-card-io"
  RNDeviceInfo:
    :path: "../node_modules/react-native-device-info"
  RNExitApp:
    :path: "../node_modules/react-native-exit-app"
  RNFS:
    :path: "../node_modules/react-native-fs"
  RNGestureHandler:
    :path: "../node_modules/react-native-gesture-handler"
  RNImageCropPicker:
    :path: "../node_modules/react-native-image-crop-picker"
  RNPermissions:
    :path: "../node_modules/react-native-permissions"
  RNQrGenerator:
    :path: "../node_modules/rn-qr-generator"
  RNReanimated:
    :path: "../node_modules/react-native-reanimated"
  RNShare:
    :path: "../node_modules/react-native-share"
  RNSslPinning:
    :path: "../node_modules/react-native-ssl-pinning/ios"
  RNSVG:
    :path: "../node_modules/react-native-svg"
  RNVectorIcons:
    :path: "../node_modules/react-native-vector-icons"
  RNViewShot:
    :path: "../node_modules/react-native-view-shot"
  TouchID:
    :path: "../node_modules/react-native-touch-id"
  yoga:
    :path: "../node_modules/react-native/ReactCommon/yoga"

SPEC CHECKSUMS:
  Adjust: 94f1c99429fb2a7ebe530294fd66a88d63a54922
  AFNetworking: 7864c38297c79aaca1500c33288e429c3451fdce
  boost-for-react-native: 39c7adb57c4e60d6c5479dd8623128eb5b3f0f2c
  BVLinearGradient: e3aad03778a456d77928f594a649e96995f1c872
  DoubleConversion: 5805e889d232975c086db112ece9ed034df7a0b2
  Folly: 30e7936e1c45c08d884aa59369ed951a8e68cf51
  glog: 1f3da668190260b06b429bb211bfbee5cd790c28
  Permission-Camera: 5d2aaf95592660b6dcb5e8d1d90ed5d0156cad02
  Permission-Contacts: 295b2f26e7607801e73b0fd35a56ec63cfd52dc4
  Permission-FaceID: 8f034a57c60ed8c602d184f485a9bd524c0f98b7
  Permission-LocationAlways: 700dfb730b07b24a84f8c173b93ad816d71d3dc8
  Permission-LocationWhenInUse: 871e81c06c1fc578353fce962d5d8e6efa697f1a
  Permission-MediaLibrary: e94e0a30ec5edc18b14e9df10fc78d5bb592a8ca
  Permission-Microphone: a0e56790d61392c31627df33328fef079ad46fa8
  Permission-Motion: c3e2cca72df50994fb55031bc611dbe99dfbed46
  Permission-Notifications: 9c6b5cc4f0e6599e9fc3395b77cebddc48f1be41
  Permission-PhotoLibrary: 8227a6ed9f6a971537afe63742d54f5f23a38fe2
  Permission-Reminders: f1bddb60953645830289f9b00977b11e2b62fbf8
  Permission-StoreKit: 43b6a94351b1ffc24f48a814c1396d6d5712e41d
  pushwoosh-react-native-plugin: 1585c51366b35f606b749a4b6db01932667507c9
  PushwooshInboxUIXCFramework: 0baa2dce4d5fe820577648b7ef62b6064c515fc8
  PushwooshXCFramework: de2c792a23bc5e35fd0c21c8870e3f76775f6c83
  QBImagePickerController: d54cf93db6decf26baf6ed3472f336ef35cae022
  RCTAesCrypto: 304d75cca06c33d575c608e95aeff58e5fae9ab5
  RCTRestart: 6d49edbb1998a06ec5fe8e9eb9cc0dd6a484a237
  React: 68e7f8dfc27729eade18423072a143120f2f32ab
  React-Core: fc9dace551f6c8c1007dd2d3cb1bc10c90a01d3e
  React-cxxreact: abe59014fce932d41a08bf1aa5dcad9ca8f0a2c5
  React-DevSupport: b0da2fd9ad4ffb25561bf2a328ab84f78f871bdd
  React-jsi: 1a4248256b96fa453536a8dafe11b784e24e789d
  React-jsiexecutor: 2279e559b921d02dfc6253ebef3dcb3a9dc6c07e
  React-jsinspector: a58b86545a0185f69768e78ac96ca9fe43fa3694
  react-native-adjust: 8152efdf7a2e94a85ce427f2096b4167f2824273
  react-native-aes: c6e4e3ffcff410535e31e161fca95d50e608d4ee
  react-native-background-timer: 5e119239c45bb24788e535df252ed55180f94d0b
  react-native-camera: 3eae183c1d111103963f3dd913b65d01aef8110f
  react-native-cameraroll: ae0a7c0cc8462508855707ff623b1e789b692865
  react-native-contacts: 7b5e16196278636030c3fbbb9505543984b01697
  react-native-contacts-wrapper: d09bc2aae220dfa5a05645df3cab6947d905086b
  react-native-dynatrace: 6a46a0a23f65b9dd37830e91631918aae166cdea
  react-native-geolocation: 69f4fd37650b8e7fee91816d395e62dd16f5ab8d
  react-native-google-analytics-bridge: d7f576831301c1f730c23a3f81b35fa9a4c52f2d
  react-native-html-to-pdf: 1214f9c795a587fe60a950d11a891cd05be29625
  react-native-image-picker: e47cbaf230af8902316e4d69dc83f959bde45e23
  react-native-image-resizer: 1ffe71ec5f2596c3a24d42548c03bfbfb06fe810
  react-native-maps: 6e499eee4eabf422ba8b6f94e993cc768bf35153
  react-native-netinfo: 30fb89fa913c342be82a887b56e96be6d71201dd
  react-native-network-info: d1290ffc0bd0709e11436f5b8d7f605dcc5c4530
  react-native-select-contact: f88ccd9dbee6c4d1c32507291b431cf558a2ed42
  react-native-signature-capture: 416a3947684e049a5b012cdd6496f878dc797f16
  react-native-simple-toast: bf002828cf816775a6809f7a9ec3907509bce11f
  react-native-splash-screen: 353334c5ae82d8c74501ea7cbb916cb7cb20c8bf
  react-native-version-number: 75301519bb72064ad209a498ed08b128cbcf10e7
  react-native-viewpager: f730c1d175a2c1ae789464855d4a2c14247d3109
  react-native-webview: e6125da6d1cb245ff0692f545b0e5eb3572e12ab
  React-RCTActionSheet: 49f6a67a7efa6688f637296383d453b97ef13645
  React-RCTAnimation: e8047438b2927ebbe630bbf600c7309374075df3
  React-RCTBlob: 2c4b28daca5b3e6e356706d8e0c7436a0e8ef492
  React-RCTImage: 273501f0529775962551613259c20ccdf1a87cd2
  React-RCTLinking: 76c88b3cc98657915a2ba2f20d208e44d0530a43
  React-RCTNetwork: 77c11e672ccdcc33da5d047705f100b016497b15
  React-RCTSettings: f727c25ad26a8a9bd7272a8ba93781bd1f53952a
  React-RCTText: d91537e29e38dc69cf09cbca0875cf5dc7402da6
  React-RCTVibration: 7655d72dfb919dd6d8e135ca108a5a2bd9fcd7b4
  React-RCTWebSocket: 7cd2c8d0f8ddd680dc76404defba7ab1f56b83af
  rn-fetch-blob: f525a73a78df9ed5d35e67ea65e79d53c15255bc
  RNAwesomeCardIO: 14d78f3e76abaf503068c9f4513ff6c4a516d958
  RNDeviceInfo: e7c5fcde13d40e161d8a27f6c5dc69c638936002
  RNExitApp: c4e052df2568b43bec8a37c7cd61194d4cfee2c3
  RNFS: 54da03c2b7d862c42ea3ca8c7f86f892760a535a
  RNGestureHandler: a479ebd5ed4221a810967000735517df0d2db211
  RNImageCropPicker: bfb3ea9c8622f290532e2fe63f369e0d5a52f597
  RNPermissions: 5df468064df661a4c8c017e2791ce90d7695eea5
  RNQrGenerator: 34beaf1996de4a2f2122c7019dccd1717b22d8d7
  RNReanimated: c1b56d030d1616239861534d9adb531f8cffab68
  RNShare: d93e00e906e6174657f6370b480437e4702bc86e
  RNSslPinning: eeeca18456a20c58edc20ab8d50f062b359cb519
  RNSVG: 069864be08c9fe065a2cf7e63656a34c78653c99
  RNVectorIcons: ac7bf6bfeafaf3ad34552cdc6eed6fb8c4b7c940
  RNViewShot: 05672e0b3c36cd70633466614b4451869a70c6c7
  RSKImageCropper: 1ac71e9a82e3f41eea3eedfff8eacb0d3821c9ec
  Toast: 91b396c56ee72a5790816f40d3a94dd357abc196
  TouchID: b7ee066c831df99b7c0e7a34302982b8de46fdae
  yoga: 5079887aa3e4c62142d6bcee493022643ee4d730
  ZXingObjC: fdbb269f25dd2032da343e06f10224d62f537bdb

PODFILE CHECKSUM: 4654f8361f1282a0acf6a18c7c381f583b38dc99

COCOAPODS: 1.11.2
